
Microsoft Visual Studio Solution File, Format Version 12.00
# Visual Studio Version 17
VisualStudioVersion = 17.0.31612.314
MinimumVisualStudioVersion = 10.0.40219.1
Project("{FAE04EC0-301F-11D3-BF4B-00C04F79EFBC}") = "AttributesExtractor", "AttributesExtractor\AttributesExtractor.csproj", "{B7E5C035-0415-49E5-8A7F-54547C042367}"
EndProject
Project("{FAE04EC0-301F-11D3-BF4B-00C04F79EFBC}") = "AttributesExtractor.Tests", "AttributesExtractor.Tests\AttributesExtractor.Tests.csproj", "{0924066D-6DB2-4889-A52C-62653F42191A}"
EndProject
Project("{FAE04EC0-301F-11D3-BF4B-00C04F79EFBC}") = "AttributesExtractor.Playground", "AttributesExtractor.Playground\AttributesExtractor.Playground.csproj", "{CE8D6D66-437F-4A43-A2EA-1158FF08D8BF}"
EndProject
Project("{2150E333-8FDC-42A3-9474-1A3956D46DE8}") = "Tests", "Tests", "{1D66AE8F-CF20-403F-949E-9CE29F9B24FC}"
EndProject
Project("{2150E333-8FDC-42A3-9474-1A3956D46DE8}") = "SourceGenerator", "SourceGenerator", "{08A1D4A3-2A67-4889-82FF-F36A3A7354D5}"
EndProject
Project("{FAE04EC0-301F-11D3-BF4B-00C04F79EFBC}") = "AttributesExtractor.SourceGenerator", "AttributesExtractor.SourceGenerator\AttributesExtractor.SourceGenerator.csproj", "{778BEBD2-6FF2-4101-B29D-75C48B0B22E6}"
EndProject
Project("{2150E333-8FDC-42A3-9474-1A3956D46DE8}") = "Package", "Package", "{E90440D4-2E8B-429E-905E-7FC89298AA1C}"
EndProject
Project("{FAE04EC0-301F-11D3-BF4B-00C04F79EFBC}") = "AttributesExtractor.Core", "AttributesExtractor.Core\AttributesExtractor.Core.csproj", "{F2B32B58-EB8A-4675-A5DF-9515CB5DEFF2}"
EndProject
Project("{FAE04EC0-301F-11D3-BF4B-00C04F79EFBC}") = "AttributesExtractor.Playground.Core", "AttributesExtractor.Playground.Core\AttributesExtractor.Playground.Core.csproj", "{B70FE8B3-05E2-49B7-98E1-7F220B74A845}"
EndProject
Global
	GlobalSection(SolutionConfigurationPlatforms) = preSolution
		Debug|Any CPU = Debug|Any CPU
		Release|Any CPU = Release|Any CPU
	EndGlobalSection
	GlobalSection(ProjectConfigurationPlatforms) = postSolution
		{B7E5C035-0415-49E5-8A7F-54547C042367}.Debug|Any CPU.ActiveCfg = Debug|Any CPU
		{B7E5C035-0415-49E5-8A7F-54547C042367}.Debug|Any CPU.Build.0 = Debug|Any CPU
		{B7E5C035-0415-49E5-8A7F-54547C042367}.Release|Any CPU.ActiveCfg = Release|Any CPU
		{B7E5C035-0415-49E5-8A7F-54547C042367}.Release|Any CPU.Build.0 = Release|Any CPU
		{0924066D-6DB2-4889-A52C-62653F42191A}.Debug|Any CPU.ActiveCfg = Debug|Any CPU
		{0924066D-6DB2-4889-A52C-62653F42191A}.Debug|Any CPU.Build.0 = Debug|Any CPU
		{0924066D-6DB2-4889-A52C-62653F42191A}.Release|Any CPU.ActiveCfg = Release|Any CPU
		{0924066D-6DB2-4889-A52C-62653F42191A}.Release|Any CPU.Build.0 = Release|Any CPU
		{CE8D6D66-437F-4A43-A2EA-1158FF08D8BF}.Debug|Any CPU.ActiveCfg = Debug|Any CPU
		{CE8D6D66-437F-4A43-A2EA-1158FF08D8BF}.Debug|Any CPU.Build.0 = Debug|Any CPU
		{CE8D6D66-437F-4A43-A2EA-1158FF08D8BF}.Release|Any CPU.ActiveCfg = Release|Any CPU
		{CE8D6D66-437F-4A43-A2EA-1158FF08D8BF}.Release|Any CPU.Build.0 = Release|Any CPU
		{778BEBD2-6FF2-4101-B29D-75C48B0B22E6}.Debug|Any CPU.ActiveCfg = Debug|Any CPU
		{778BEBD2-6FF2-4101-B29D-75C48B0B22E6}.Debug|Any CPU.Build.0 = Debug|Any CPU
		{778BEBD2-6FF2-4101-B29D-75C48B0B22E6}.Release|Any CPU.ActiveCfg = Release|Any CPU
		{778BEBD2-6FF2-4101-B29D-75C48B0B22E6}.Release|Any CPU.Build.0 = Release|Any CPU
		{F2B32B58-EB8A-4675-A5DF-9515CB5DEFF2}.Debug|Any CPU.ActiveCfg = Debug|Any CPU
		{F2B32B58-EB8A-4675-A5DF-9515CB5DEFF2}.Debug|Any CPU.Build.0 = Debug|Any CPU
		{F2B32B58-EB8A-4675-A5DF-9515CB5DEFF2}.Release|Any CPU.ActiveCfg = Release|Any CPU
		{F2B32B58-EB8A-4675-A5DF-9515CB5DEFF2}.Release|Any CPU.Build.0 = Release|Any CPU
		{B70FE8B3-05E2-49B7-98E1-7F220B74A845}.Debug|Any CPU.ActiveCfg = Debug|Any CPU
		{B70FE8B3-05E2-49B7-98E1-7F220B74A845}.Debug|Any CPU.Build.0 = Debug|Any CPU
		{B70FE8B3-05E2-49B7-98E1-7F220B74A845}.Release|Any CPU.ActiveCfg = Release|Any CPU
		{B70FE8B3-05E2-49B7-98E1-7F220B74A845}.Release|Any CPU.Build.0 = Release|Any CPU
	EndGlobalSection
	GlobalSection(SolutionProperties) = preSolution
		HideSolutionNode = FALSE
	EndGlobalSection
	GlobalSection(NestedProjects) = preSolution
		{0924066D-6DB2-4889-A52C-62653F42191A} = {1D66AE8F-CF20-403F-949E-9CE29F9B24FC}
		{CE8D6D66-437F-4A43-A2EA-1158FF08D8BF} = {1D66AE8F-CF20-403F-949E-9CE29F9B24FC}
		{778BEBD2-6FF2-4101-B29D-75C48B0B22E6} = {08A1D4A3-2A67-4889-82FF-F36A3A7354D5}
		{B7E5C035-0415-49E5-8A7F-54547C042367} = {E90440D4-2E8B-429E-905E-7FC89298AA1C}
		{F2B32B58-EB8A-4675-A5DF-9515CB5DEFF2} = {08A1D4A3-2A67-4889-82FF-F36A3A7354D5}
		{B70FE8B3-05E2-49B7-98E1-7F220B74A845} = {1D66AE8F-CF20-403F-949E-9CE29F9B24FC}
	EndGlobalSection
	GlobalSection(ExtensibilityGlobals) = postSolution
		SolutionGuid = {64E300E3-5733-491E-839F-F5468C06A379}
	EndGlobalSection
EndGlobal
